
Microsoft Visual Studio Solution File, Format Version 12.00
# Visual Studio Version 16
VisualStudioVersion = 16.0.28803.352
MinimumVisualStudioVersion = 10.0.40219.1
Project("{FAE04EC0-301F-11D3-BF4B-00C04F79EFBC}") = "PrintersSystem", "PrintersSystem\PrintersSystem.csproj", "{3D477455-20E3-48F3-A4D5-2442A969EFED}"
EndProject
Global
	GlobalSection(SolutionConfigurationPlatforms) = preSolution
		Debug|Any CPU = Debug|Any CPU
		Release|Any CPU = Release|Any CPU
	EndGlobalSection
	GlobalSection(ProjectConfigurationPlatforms) = postSolution
		{3D477455-20E3-48F3-A4D5-2442A969EFED}.Debug|Any CPU.ActiveCfg = Debug|Any CPU
		{3D477455-20E3-48F3-A4D5-2442A969EFED}.Debug|Any CPU.Build.0 = Debug|Any CPU
		{3D477455-20E3-48F3-A4D5-2442A969EFED}.Release|Any CPU.ActiveCfg = Release|Any CPU
		{3D477455-20E3-48F3-A4D5-2442A969EFED}.Release|Any CPU.Build.0 = Release|Any CPU
	EndGlobalSection
	GlobalSection(SolutionProperties) = preSolution
		HideSolutionNode = FALSE
	EndGlobalSection
	GlobalSection(ExtensibilityGlobals) = postSolution
		SolutionGuid = {1D07DF42-239A-4AF5-BAA6-D187C24A2C9D}
	EndGlobalSection
EndGlobal
